
Microsoft Visual Studio Solution File, Format Version 12.00
# Visual Studio Version 17
VisualStudioVersion = 17.12.35514.174
MinimumVisualStudioVersion = 10.0.40219.1
Project("{2150E333-8FDC-42A3-9474-1A3956D46DE8}") = "Services", "Services", "{D542A7B6-5EA2-4257-8511-D0A3FD42AC05}"
EndProject
Project("{2150E333-8FDC-42A3-9474-1A3956D46DE8}") = "Identity", "Identity", "{8DF22D9A-3B87-4EFE-B83C-2E9B26A28ADF}"
EndProject
Project("{2150E333-8FDC-42A3-9474-1A3956D46DE8}") = "Common", "Common", "{88742993-D5EC-4373-9B7B-54A0E3ED0863}"
EndProject
Project("{FAE04EC0-301F-11D3-BF4B-00C04F79EFBC}") = "Common.DomainSeedWork", "src\Common\Common.DomainSeedWork\Common.DomainSeedWork.csproj", "{76B43EE0-8985-481E-8D42-FA121539CBCB}"
EndProject
Project("{FAE04EC0-301F-11D3-BF4B-00C04F79EFBC}") = "Common.WebApiComponents", "src\Common\Common.WebApiComponents\Common.WebApiComponents.csproj", "{5C5015AA-F0A8-4F91-AEA4-0461FC18CD0D}"
EndProject
Project("{FAE04EC0-301F-11D3-BF4B-00C04F79EFBC}") = "Common.WebHostDefaults", "src\Common\Common.WebHostDefaults\Common.WebHostDefaults.csproj", "{E714B98A-BADE-4257-A857-378B03D316C8}"
EndProject
Project("{FAE04EC0-301F-11D3-BF4B-00C04F79EFBC}") = "Identity.Server", "src\Services\Identity\Identity.Server\Identity.Server.csproj", "{31D9C186-2A70-4615-9C70-C896D432C5BA}"
EndProject
Project("{2150E333-8FDC-42A3-9474-1A3956D46DE8}") = "Problems", "Problems", "{DAB3D04E-C574-4459-9AA5-B850D6B81F91}"
EndProject
Project("{FAE04EC0-301F-11D3-BF4B-00C04F79EFBC}") = "Problems.API", "src\Services\Problems\Problems.API\Problems.API.csproj", "{13B8F7E1-3B9F-4C51-9F70-11FD0CA40AC7}"
EndProject
Project("{FAE04EC0-301F-11D3-BF4B-00C04F79EFBC}") = "Problems.Domain", "src\Services\Problems\Problems.Domain\Problems.Domain.csproj", "{17D6F213-00EF-4269-8286-FA5C623169E2}"
EndProject
Project("{FAE04EC0-301F-11D3-BF4B-00C04F79EFBC}") = "Problems.Infrastructure", "src\Services\Problems\Problems.Instructure\Problems.Infrastructure.csproj", "{A49DC663-8D2B-4756-A96E-26208BA573CD}"
EndProject
Project("{2150E333-8FDC-42A3-9474-1A3956D46DE8}") = "Submits", "Submits", "{7F9D151C-CEE9-434E-9EC8-707DE233F078}"
EndProject
Project("{FAE04EC0-301F-11D3-BF4B-00C04F79EFBC}") = "Submits.API", "src\Services\Submits\Submits.API\Submits.API.csproj", "{391E0CB0-C910-4103-A050-83AC5AC63353}"
EndProject
Project("{FAE04EC0-301F-11D3-BF4B-00C04F79EFBC}") = "Submits.BackgroundTasks", "src\Services\Submits\Submits.BackgroundTasks\Submits.BackgroundTasks.csproj", "{A3C7CDC5-6DC8-4B5C-BDED-CAC2C460A599}"
EndProject
Project("{FAE04EC0-301F-11D3-BF4B-00C04F79EFBC}") = "Submits.Domain", "src\Services\Submits\Submits.Domain\Submits.Domain.csproj", "{08AE4EA1-4B24-4DEA-B39B-63998E2D30F2}"
EndProject
Project("{FAE04EC0-301F-11D3-BF4B-00C04F79EFBC}") = "Submits.Infrastructure", "src\Services\Submits\Submits.Infrastructure\Submits.Infrastructure.csproj", "{C3561070-9369-47FF-9AFE-28AF164AEF1E}"
EndProject
Project("{2150E333-8FDC-42A3-9474-1A3956D46DE8}") = "Web", "Web", "{91E5F696-EAAE-4941-9049-D7D209DBE159}"
EndProject
Project("{2150E333-8FDC-42A3-9474-1A3956D46DE8}") = "WebSPA", "WebSPA", "{7BD186F0-7E48-4F7C-AE01-FF24557102D1}"
EndProject
Project("{FAE04EC0-301F-11D3-BF4B-00C04F79EFBC}") = "WebSPA", "src\Web\WebSPA\WebSPA.csproj", "{B4479196-A4D5-4E25-BF16-C394307C21EE}"
EndProject
Project("{E53339B2-1760-4266-BCC7-CA923CBCF16C}") = "docker-compose", "docker-compose.dcproj", "{81DDED9D-158B-E303-5F62-77A2896D2A5A}"
EndProject
Global
	GlobalSection(SolutionConfigurationPlatforms) = preSolution
		Debug|Any CPU = Debug|Any CPU
		Release|Any CPU = Release|Any CPU
	EndGlobalSection
	GlobalSection(ProjectConfigurationPlatforms) = postSolution
		{76B43EE0-8985-481E-8D42-FA121539CBCB}.Debug|Any CPU.ActiveCfg = Debug|Any CPU
		{76B43EE0-8985-481E-8D42-FA121539CBCB}.Debug|Any CPU.Build.0 = Debug|Any CPU
		{76B43EE0-8985-481E-8D42-FA121539CBCB}.Release|Any CPU.ActiveCfg = Release|Any CPU
		{76B43EE0-8985-481E-8D42-FA121539CBCB}.Release|Any CPU.Build.0 = Release|Any CPU
		{5C5015AA-F0A8-4F91-AEA4-0461FC18CD0D}.Debug|Any CPU.ActiveCfg = Debug|Any CPU
		{5C5015AA-F0A8-4F91-AEA4-0461FC18CD0D}.Debug|Any CPU.Build.0 = Debug|Any CPU
		{5C5015AA-F0A8-4F91-AEA4-0461FC18CD0D}.Release|Any CPU.ActiveCfg = Release|Any CPU
		{5C5015AA-F0A8-4F91-AEA4-0461FC18CD0D}.Release|Any CPU.Build.0 = Release|Any CPU
		{E714B98A-BADE-4257-A857-378B03D316C8}.Debug|Any CPU.ActiveCfg = Debug|Any CPU
		{E714B98A-BADE-4257-A857-378B03D316C8}.Debug|Any CPU.Build.0 = Debug|Any CPU
		{E714B98A-BADE-4257-A857-378B03D316C8}.Release|Any CPU.ActiveCfg = Release|Any CPU
		{E714B98A-BADE-4257-A857-378B03D316C8}.Release|Any CPU.Build.0 = Release|Any CPU
		{31D9C186-2A70-4615-9C70-C896D432C5BA}.Debug|Any CPU.ActiveCfg = Debug|Any CPU
		{31D9C186-2A70-4615-9C70-C896D432C5BA}.Debug|Any CPU.Build.0 = Debug|Any CPU
		{31D9C186-2A70-4615-9C70-C896D432C5BA}.Release|Any CPU.ActiveCfg = Release|Any CPU
		{31D9C186-2A70-4615-9C70-C896D432C5BA}.Release|Any CPU.Build.0 = Release|Any CPU
		{13B8F7E1-3B9F-4C51-9F70-11FD0CA40AC7}.Debug|Any CPU.ActiveCfg = Debug|Any CPU
		{13B8F7E1-3B9F-4C51-9F70-11FD0CA40AC7}.Debug|Any CPU.Build.0 = Debug|Any CPU
		{13B8F7E1-3B9F-4C51-9F70-11FD0CA40AC7}.Release|Any CPU.ActiveCfg = Release|Any CPU
		{13B8F7E1-3B9F-4C51-9F70-11FD0CA40AC7}.Release|Any CPU.Build.0 = Release|Any CPU
		{17D6F213-00EF-4269-8286-FA5C623169E2}.Debug|Any CPU.ActiveCfg = Debug|Any CPU
		{17D6F213-00EF-4269-8286-FA5C623169E2}.Debug|Any CPU.Build.0 = Debug|Any CPU
		{17D6F213-00EF-4269-8286-FA5C623169E2}.Release|Any CPU.ActiveCfg = Release|Any CPU
		{17D6F213-00EF-4269-8286-FA5C623169E2}.Release|Any CPU.Build.0 = Release|Any CPU
		{A49DC663-8D2B-4756-A96E-26208BA573CD}.Debug|Any CPU.ActiveCfg = Debug|Any CPU
		{A49DC663-8D2B-4756-A96E-26208BA573CD}.Debug|Any CPU.Build.0 = Debug|Any CPU
		{A49DC663-8D2B-4756-A96E-26208BA573CD}.Release|Any CPU.ActiveCfg = Release|Any CPU
		{A49DC663-8D2B-4756-A96E-26208BA573CD}.Release|Any CPU.Build.0 = Release|Any CPU
		{391E0CB0-C910-4103-A050-83AC5AC63353}.Debug|Any CPU.ActiveCfg = Debug|Any CPU
		{391E0CB0-C910-4103-A050-83AC5AC63353}.Debug|Any CPU.Build.0 = Debug|Any CPU
		{391E0CB0-C910-4103-A050-83AC5AC63353}.Release|Any CPU.ActiveCfg = Release|Any CPU
		{391E0CB0-C910-4103-A050-83AC5AC63353}.Release|Any CPU.Build.0 = Release|Any CPU
		{A3C7CDC5-6DC8-4B5C-BDED-CAC2C460A599}.Debug|Any CPU.ActiveCfg = Debug|Any CPU
		{A3C7CDC5-6DC8-4B5C-BDED-CAC2C460A599}.Debug|Any CPU.Build.0 = Debug|Any CPU
		{A3C7CDC5-6DC8-4B5C-BDED-CAC2C460A599}.Release|Any CPU.ActiveCfg = Release|Any CPU
		{A3C7CDC5-6DC8-4B5C-BDED-CAC2C460A599}.Release|Any CPU.Build.0 = Release|Any CPU
		{08AE4EA1-4B24-4DEA-B39B-63998E2D30F2}.Debug|Any CPU.ActiveCfg = Debug|Any CPU
		{08AE4EA1-4B24-4DEA-B39B-63998E2D30F2}.Debug|Any CPU.Build.0 = Debug|Any CPU
		{08AE4EA1-4B24-4DEA-B39B-63998E2D30F2}.Release|Any CPU.ActiveCfg = Release|Any CPU
		{08AE4EA1-4B24-4DEA-B39B-63998E2D30F2}.Release|Any CPU.Build.0 = Release|Any CPU
		{C3561070-9369-47FF-9AFE-28AF164AEF1E}.Debug|Any CPU.ActiveCfg = Debug|Any CPU
		{C3561070-9369-47FF-9AFE-28AF164AEF1E}.Debug|Any CPU.Build.0 = Debug|Any CPU
		{C3561070-9369-47FF-9AFE-28AF164AEF1E}.Release|Any CPU.ActiveCfg = Release|Any CPU
		{C3561070-9369-47FF-9AFE-28AF164AEF1E}.Release|Any CPU.Build.0 = Release|Any CPU
		{B4479196-A4D5-4E25-BF16-C394307C21EE}.Debug|Any CPU.ActiveCfg = Debug|Any CPU
		{B4479196-A4D5-4E25-BF16-C394307C21EE}.Debug|Any CPU.Build.0 = Debug|Any CPU
		{B4479196-A4D5-4E25-BF16-C394307C21EE}.Release|Any CPU.ActiveCfg = Release|Any CPU
		{B4479196-A4D5-4E25-BF16-C394307C21EE}.Release|Any CPU.Build.0 = Release|Any CPU
		{81DDED9D-158B-E303-5F62-77A2896D2A5A}.Debug|Any CPU.ActiveCfg = Debug|Any CPU
		{81DDED9D-158B-E303-5F62-77A2896D2A5A}.Debug|Any CPU.Build.0 = Debug|Any CPU
		{81DDED9D-158B-E303-5F62-77A2896D2A5A}.Release|Any CPU.ActiveCfg = Release|Any CPU
		{81DDED9D-158B-E303-5F62-77A2896D2A5A}.Release|Any CPU.Build.0 = Release|Any CPU
	EndGlobalSection
	GlobalSection(SolutionProperties) = preSolution
		HideSolutionNode = FALSE
	EndGlobalSection
	GlobalSection(NestedProjects) = preSolution
		{8DF22D9A-3B87-4EFE-B83C-2E9B26A28ADF} = {D542A7B6-5EA2-4257-8511-D0A3FD42AC05}
		{76B43EE0-8985-481E-8D42-FA121539CBCB} = {88742993-D5EC-4373-9B7B-54A0E3ED0863}
		{5C5015AA-F0A8-4F91-AEA4-0461FC18CD0D} = {88742993-D5EC-4373-9B7B-54A0E3ED0863}
		{E714B98A-BADE-4257-A857-378B03D316C8} = {88742993-D5EC-4373-9B7B-54A0E3ED0863}
		{31D9C186-2A70-4615-9C70-C896D432C5BA} = {8DF22D9A-3B87-4EFE-B83C-2E9B26A28ADF}
		{DAB3D04E-C574-4459-9AA5-B850D6B81F91} = {D542A7B6-5EA2-4257-8511-D0A3FD42AC05}
		{13B8F7E1-3B9F-4C51-9F70-11FD0CA40AC7} = {DAB3D04E-C574-4459-9AA5-B850D6B81F91}
		{17D6F213-00EF-4269-8286-FA5C623169E2} = {DAB3D04E-C574-4459-9AA5-B850D6B81F91}
		{A49DC663-8D2B-4756-A96E-26208BA573CD} = {DAB3D04E-C574-4459-9AA5-B850D6B81F91}
		{7F9D151C-CEE9-434E-9EC8-707DE233F078} = {D542A7B6-5EA2-4257-8511-D0A3FD42AC05}
		{391E0CB0-C910-4103-A050-83AC5AC63353} = {7F9D151C-CEE9-434E-9EC8-707DE233F078}
		{A3C7CDC5-6DC8-4B5C-BDED-CAC2C460A599} = {7F9D151C-CEE9-434E-9EC8-707DE233F078}
		{08AE4EA1-4B24-4DEA-B39B-63998E2D30F2} = {7F9D151C-CEE9-434E-9EC8-707DE233F078}
		{C3561070-9369-47FF-9AFE-28AF164AEF1E} = {7F9D151C-CEE9-434E-9EC8-707DE233F078}
		{7BD186F0-7E48-4F7C-AE01-FF24557102D1} = {91E5F696-EAAE-4941-9049-D7D209DBE159}
		{B4479196-A4D5-4E25-BF16-C394307C21EE} = {7BD186F0-7E48-4F7C-AE01-FF24557102D1}
	EndGlobalSection
	GlobalSection(ExtensibilityGlobals) = postSolution
		SolutionGuid = {C3575EE0-38B1-45C6-A396-36186DDC8B86}
	EndGlobalSection
EndGlobal
